// !$*UTF8*$!
{
	archiveVersion = 1;
	classes = {
	};
	objectVersion = 77;
	objects = {

/* Begin PBXContainerItemProxy section */
		478686DF2E46973700C10AE2 /* PBXContainerItemProxy */ = {
			isa = PBXContainerItemProxy;
			containerPortal = 478686C82E46973500C10AE2 /* Project object */;
			proxyType = 1;
			remoteGlobalIDString = 478686CF2E46973500C10AE2;
			remoteInfo = overoclock;
		};
		478686E92E46973700C10AE2 /* PBXContainerItemProxy */ = {
			isa = PBXContainerItemProxy;
			containerPortal = 478686C82E46973500C10AE2 /* Project object */;
			proxyType = 1;
			remoteGlobalIDString = 478686CF2E46973500C10AE2;
			remoteInfo = overoclock;
		};
/* End PBXContainerItemProxy section */

/* Begin PBXFileReference section */
		478686D02E46973500C10AE2 /* overoclock.app */ = {isa = PBXFileReference; explicitFileType = wrapper.application; includeInIndex = 0; path = overoclock.app; sourceTree = BUILT_PRODUCTS_DIR; };
		478686DE2E46973700C10AE2 /* overoclockTests.xctest */ = {isa = PBXFileReference; explicitFileType = wrapper.cfbundle; includeInIndex = 0; path = overoclockTests.xctest; sourceTree = BUILT_PRODUCTS_DIR; };
		478686E82E46973700C10AE2 /* overoclockUITests.xctest */ = {isa = PBXFileReference; explicitFileType = wrapper.cfbundle; includeInIndex = 0; path = overoclockUITests.xctest; sourceTree = BUILT_PRODUCTS_DIR; };
/* End PBXFileReference section */

/* Begin PBXFileSystemSynchronizedRootGroup section */
		478686D22E46973500C10AE2 /* overoclock */ = {
			isa = PBXFileSystemSynchronizedRootGroup;
			path = overoclock;
			sourceTree = "<group>";
		};
		478686E12E46973700C10AE2 /* overoclockTests */ = {
			isa = PBXFileSystemSynchronizedRootGroup;
			path = overoclockTests;
			sourceTree = "<group>";
		};
		478686EB2E46973700C10AE2 /* overoclockUITests */ = {
			isa = PBXFileSystemSynchronizedRootGroup;
			path = overoclockUITests;
			sourceTree = "<group>";
		};
/* End PBXFileSystemSynchronizedRootGroup section */

/* Begin PBXFrameworksBuildPhase section */
		478686CD2E46973500C10AE2 /* Frameworks */ = {
			isa = PBXFrameworksBuildPhase;
			buildActionMask = 2147483647;
			files = (
			);
			runOnlyForDeploymentPostprocessing = 0;
		};
		478686DB2E46973700C10AE2 /* Frameworks */ = {
			isa = PBXFrameworksBuildPhase;
			buildActionMask = 2147483647;
			files = (
			);
			runOnlyForDeploymentPostprocessing = 0;
		};
		478686E52E46973700C10AE2 /* Frameworks */ = {
			isa = PBXFrameworksBuildPhase;
			buildActionMask = 2147483647;
			files = (
			);
			runOnlyForDeploymentPostprocessing = 0;
		};
/* End PBXFrameworksBuildPhase section */

/* Begin PBXGroup section */
		478686C72E46973500C10AE2 = {
			isa = PBXGroup;
			children = (
				478686D22E46973500C10AE2 /* overoclock */,
				478686E12E46973700C10AE2 /* overoclockTests */,
				478686EB2E46973700C10AE2 /* overoclockUITests */,
				478686D12E46973500C10AE2 /* Products */,
			);
			sourceTree = "<group>";
		};
		478686D12E46973500C10AE2 /* Products */ = {
			isa = PBXGroup;
			children = (
				478686D02E46973500C10AE2 /* overoclock.app */,
				478686DE2E46973700C10AE2 /* overoclockTests.xctest */,
				478686E82E46973700C10AE2 /* overoclockUITests.xctest */,
			);
			name = Products;
			sourceTree = "<group>";
		};
/* End PBXGroup section */

/* Begin PBXNativeTarget section */
		478686CF2E46973500C10AE2 /* overoclock */ = {
			isa = PBXNativeTarget;
			buildConfigurationList = 478686F22E46973700C10AE2 /* Build configuration list for PBXNativeTarget "overoclock" */;
			buildPhases = (
				478686CC2E46973500C10AE2 /* Sources */,
				478686CD2E46973500C10AE2 /* Frameworks */,
				478686CE2E46973500C10AE2 /* Resources */,
			);
			buildRules = (
			);
			dependencies = (
			);
			fileSystemSynchronizedGroups = (
				478686D22E46973500C10AE2 /* overoclock */,
			);
			name = overoclock;
			packageProductDependencies = (
			);
			productName = overoclock;
			productReference = 478686D02E46973500C10AE2 /* overoclock.app */;
			productType = "com.apple.product-type.application";
		};
		478686DD2E46973700C10AE2 /* overoclockTests */ = {
			isa = PBXNativeTarget;
			buildConfigurationList = 478686F52E46973700C10AE2 /* Build configuration list for PBXNativeTarget "overoclockTests" */;
			buildPhases = (
				478686DA2E46973700C10AE2 /* Sources */,
				478686DB2E46973700C10AE2 /* Frameworks */,
				478686DC2E46973700C10AE2 /* Resources */,
			);
			buildRules = (
			);
			dependencies = (
				478686E02E46973700C10AE2 /* PBXTargetDependency */,
			);
			fileSystemSynchronizedGroups = (
				478686E12E46973700C10AE2 /* overoclockTests */,
			);
			name = overoclockTests;
			packageProductDependencies = (
			);
			productName = overoclockTests;
			productReference = 478686DE2E46973700C10AE2 /* overoclockTests.xctest */;
			productType = "com.apple.product-type.bundle.unit-test";
		};
		478686E72E46973700C10AE2 /* overoclockUITests */ = {
			isa = PBXNativeTarget;
			buildConfigurationList = 478686F82E46973700C10AE2 /* Build configuration list for PBXNativeTarget "overoclockUITests" */;
			buildPhases = (
				478686E42E46973700C10AE2 /* Sources */,
				478686E52E46973700C10AE2 /* Frameworks */,
				478686E62E46973700C10AE2 /* Resources */,
			);
			buildRules = (
			);
			dependencies = (
				478686EA2E46973700C10AE2 /* PBXTargetDependency */,
			);
			fileSystemSynchronizedGroups = (
				478686EB2E46973700C10AE2 /* overoclockUITests */,
			);
			name = overoclockUITests;
			packageProductDependencies = (
			);
			productName = overoclockUITests;
			productReference = 478686E82E46973700C10AE2 /* overoclockUITests.xctest */;
			productType = "com.apple.product-type.bundle.ui-testing";
		};
/* End PBXNativeTarget section */

/* Begin PBXProject section */
		478686C82E46973500C10AE2 /* Project object */ = {
			isa = PBXProject;
			attributes = {
				BuildIndependentTargetsInParallel = 1;
				LastSwiftUpdateCheck = 1640;
				LastUpgradeCheck = 1640;
				TargetAttributes = {
					478686CF2E46973500C10AE2 = {
						CreatedOnToolsVersion = 16.4;
					};
					478686DD2E46973700C10AE2 = {
						CreatedOnToolsVersion = 16.4;
						TestTargetID = 478686CF2E46973500C10AE2;
					};
					478686E72E46973700C10AE2 = {
						CreatedOnToolsVersion = 16.4;
						TestTargetID = 478686CF2E46973500C10AE2;
					};
				};
			};
			buildConfigurationList = 478686CB2E46973500C10AE2 /* Build configuration list for PBXProject "overoclock" */;
			developmentRegion = en;
			hasScannedForEncodings = 0;
			knownRegions = (
				en,
				Base,
			);
			mainGroup = 478686C72E46973500C10AE2;
			minimizedProjectReferenceProxies = 1;
			preferredProjectObjectVersion = 77;
			productRefGroup = 478686D12E46973500C10AE2 /* Products */;
			projectDirPath = "";
			projectRoot = "";
			targets = (
				478686CF2E46973500C10AE2 /* overoclock */,
				478686DD2E46973700C10AE2 /* overoclockTests */,
				478686E72E46973700C10AE2 /* overoclockUITests */,
			);
		};
/* End PBXProject section */

/* Begin PBXResourcesBuildPhase section */
		478686CE2E46973500C10AE2 /* Resources */ = {
			isa = PBXResourcesBuildPhase;
			buildActionMask = 2147483647;
			files = (
			);
			runOnlyForDeploymentPostprocessing = 0;
		};
		478686DC2E46973700C10AE2 /* Resources */ = {
			isa = PBXResourcesBuildPhase;
			buildActionMask = 2147483647;
			files = (
			);
			runOnlyForDeploymentPostprocessing = 0;
		};
		478686E62E46973700C10AE2 /* Resources */ = {
			isa = PBXResourcesBuildPhase;
			buildActionMask = 2147483647;
			files = (
			);
			runOnlyForDeploymentPostprocessing = 0;
		};
/* End PBXResourcesBuildPhase section */

/* Begin PBXSourcesBuildPhase section */
		478686CC2E46973500C10AE2 /* Sources */ = {
			isa = PBXSourcesBuildPhase;
			buildActionMask = 2147483647;
			files = (
			);
			runOnlyForDeploymentPostprocessing = 0;
		};
		478686DA2E46973700C10AE2 /* Sources */ = {
			isa = PBXSourcesBuildPhase;
			buildActionMask = 2147483647;
			files = (
			);
			runOnlyForDeploymentPostprocessing = 0;
		};
		478686E42E46973700C10AE2 /* Sources */ = {
			isa = PBXSourcesBuildPhase;
			buildActionMask = 2147483647;
			files = (
			);
			runOnlyForDeploymentPostprocessing = 0;
		};
/* End PBXSourcesBuildPhase section */

/* Begin PBXTargetDependency section */
		478686E02E46973700C10AE2 /* PBXTargetDependency */ = {
			isa = PBXTargetDependency;
			target = 478686CF2E46973500C10AE2 /* overoclock */;
			targetProxy = 478686DF2E46973700C10AE2 /* PBXContainerItemProxy */;
		};
		478686EA2E46973700C10AE2 /* PBXTargetDependency */ = {
			isa = PBXTargetDependency;
			target = 478686CF2E46973500C10AE2 /* overoclock */;
			targetProxy = 478686E92E46973700C10AE2 /* PBXContainerItemProxy */;
		};
/* End PBXTargetDependency section */

/* Begin XCBuildConfiguration section */
		478686F02E46973700C10AE2 /* Debug */ = {
			isa = XCBuildConfiguration;
			buildSettings = {
				ALWAYS_SEARCH_USER_PATHS = NO;
				ASSETCATALOG_COMPILER_GENERATE_SWIFT_ASSET_SYMBOL_EXTENSIONS = YES;
				CLANG_ANALYZER_NONNULL = YES;
				CLANG_ANALYZER_NUMBER_OBJECT_CONVERSION = YES_AGGRESSIVE;
				CLANG_CXX_LANGUAGE_STANDARD = "gnu++20";
				CLANG_ENABLE_MODULES = YES;
				CLANG_ENABLE_OBJC_ARC = YES;
				CLANG_ENABLE_OBJC_WEAK = YES;
				CLANG_WARN_BLOCK_CAPTURE_AUTORELEASING = YES;
				CLANG_WARN_BOOL_CONVERSION = YES;
				CLANG_WARN_COMMA = YES;
				CLANG_WARN_CONSTANT_CONVERSION = YES;
				CLANG_WARN_DEPRECATED_OBJC_IMPLEMENTATIONS = YES;
				CLANG_WARN_DIRECT_OBJC_ISA_USAGE = YES_ERROR;
				CLANG_WARN_DOCUMENTATION_COMMENTS = YES;
				CLANG_WARN_EMPTY_BODY = YES;
				CLANG_WARN_ENUM_CONVERSION = YES;
				CLANG_WARN_INFINITE_RECURSION = YES;
				CLANG_WARN_INT_CONVERSION = YES;
				CLANG_WARN_NON_LITERAL_NULL_CONVERSION = YES;
				CLANG_WARN_OBJC_IMPLICIT_RETAIN_SELF = YES;
				CLANG_WARN_OBJC_LITERAL_CONVERSION = YES;
				CLANG_WARN_OBJC_ROOT_CLASS = YES_ERROR;
				CLANG_WARN_QUOTED_INCLUDE_IN_FRAMEWORK_HEADER = YES;
				CLANG_WARN_RANGE_LOOP_ANALYSIS = YES;
				CLANG_WARN_STRICT_PROTOTYPES = YES;
				CLANG_WARN_SUSPICIOUS_MOVE = YES;
				CLANG_WARN_UNGUARDED_AVAILABILITY = YES_AGGRESSIVE;
				CLANG_WARN_UNREACHABLE_CODE = YES;
				CLANG_WARN__DUPLICATE_METHOD_MATCH = YES;
				COPY_PHASE_STRIP = NO;
				DEBUG_INFORMATION_FORMAT = dwarf;
				ENABLE_STRICT_OBJC_MSGSEND = YES;
				ENABLE_TESTABILITY = YES;
				ENABLE_USER_SCRIPT_SANDBOXING = YES;
				GCC_C_LANGUAGE_STANDARD = gnu17;
				GCC_DYNAMIC_NO_PIC = NO;
				GCC_NO_COMMON_BLOCKS = YES;
				GCC_OPTIMIZATION_LEVEL = 0;
				GCC_PREPROCESSOR_DEFINITIONS = (
					"DEBUG=1",
					"$(inherited)",
				);
				GCC_WARN_64_TO_32_BIT_CONVERSION = YES;
				GCC_WARN_ABOUT_RETURN_TYPE = YES_ERROR;
				GCC_WARN_UNDECLARED_SELECTOR = YES;
				GCC_WARN_UNINITIALIZED_AUTOS = YES_AGGRESSIVE;
				GCC_WARN_UNUSED_FUNCTION = YES;
				GCC_WARN_UNUSED_VARIABLE = YES;
				LOCALIZATION_PREFERS_STRING_CATALOGS = YES;
				MACOSX_DEPLOYMENT_TARGET = 15.5;
				MTL_ENABLE_DEBUG_INFO = INCLUDE_SOURCE;
				MTL_FAST_MATH = YES;
				ONLY_ACTIVE_ARCH = YES;
				SDKROOT = macosx;
				SWIFT_ACTIVE_COMPILATION_CONDITIONS = "DEBUG $(inherited)";
				SWIFT_OPTIMIZATION_LEVEL = "-Onone";
			};
			name = Debug;
		};
		478686F12E46973700C10AE2 /* Release */ = {
			isa = XCBuildConfiguration;
			buildSettings = {
				ALWAYS_SEARCH_USER_PATHS = NO;
				ASSETCATALOG_COMPILER_GENERATE_SWIFT_ASSET_SYMBOL_EXTENSIONS = YES;
				CLANG_ANALYZER_NONNULL = YES;
				CLANG_ANALYZER_NUMBER_OBJECT_CONVERSION = YES_AGGRESSIVE;
				CLANG_CXX_LANGUAGE_STANDARD = "gnu++20";
				CLANG_ENABLE_MODULES = YES;
				CLANG_ENABLE_OBJC_ARC = YES;
				CLANG_ENABLE_OBJC_WEAK = YES;
				CLANG_WARN_BLOCK_CAPTURE_AUTORELEASING = YES;
				CLANG_WARN_BOOL_CONVERSION = YES;
				CLANG_WARN_COMMA = YES;
				CLANG_WARN_CONSTANT_CONVERSION = YES;
				CLANG_WARN_DEPRECATED_OBJC_IMPLEMENTATIONS = YES;
				CLANG_WARN_DIRECT_OBJC_ISA_USAGE = YES_ERROR;
				CLANG_WARN_DOCUMENTATION_COMMENTS = YES;
				CLANG_WARN_EMPTY_BODY = YES;
				CLANG_WARN_ENUM_CONVERSION = YES;
				CLANG_WARN_INFINITE_RECURSION = YES;
				CLANG_WARN_INT_CONVERSION = YES;
				CLANG_WARN_NON_LITERAL_NULL_CONVERSION = YES;
				CLANG_WARN_OBJC_IMPLICIT_RETAIN_SELF = YES;
				CLANG_WARN_OBJC_LITERAL_CONVERSION = YES;
				CLANG_WARN_OBJC_ROOT_CLASS = YES_ERROR;
				CLANG_WARN_QUOTED_INCLUDE_IN_FRAMEWORK_HEADER = YES;
				CLANG_WARN_RANGE_LOOP_ANALYSIS = YES;
				CLANG_WARN_STRICT_PROTOTYPES = YES;
				CLANG_WARN_SUSPICIOUS_MOVE = YES;
				CLANG_WARN_UNGUARDED_AVAILABILITY = YES_AGGRESSIVE;
				CLANG_WARN_UNREACHABLE_CODE = YES;
				CLANG_WARN__DUPLICATE_METHOD_MATCH = YES;
				COPY_PHASE_STRIP = NO;
				DEBUG_INFORMATION_FORMAT = "dwarf-with-dsym";
				ENABLE_NS_ASSERTIONS = NO;
				ENABLE_STRICT_OBJC_MSGSEND = YES;
				ENABLE_USER_SCRIPT_SANDBOXING = YES;
				GCC_C_LANGUAGE_STANDARD = gnu17;
				GCC_NO_COMMON_BLOCKS = YES;
				GCC_WARN_64_TO_32_BIT_CONVERSION = YES;
				GCC_WARN_ABOUT_RETURN_TYPE = YES_ERROR;
				GCC_WARN_UNDECLARED_SELECTOR = YES;
				GCC_WARN_UNINITIALIZED_AUTOS = YES_AGGRESSIVE;
				GCC_WARN_UNUSED_FUNCTION = YES;
				GCC_WARN_UNUSED_VARIABLE = YES;
				LOCALIZATION_PREFERS_STRING_CATALOGS = YES;
				MACOSX_DEPLOYMENT_TARGET = 15.5;
				MTL_ENABLE_DEBUG_INFO = NO;
				MTL_FAST_MATH = YES;
				SDKROOT = macosx;
				SWIFT_COMPILATION_MODE = wholemodule;
			};
			name = Release;
		};
		478686F32E46973700C10AE2 /* Debug */ = {
			isa = XCBuildConfiguration;
			buildSettings = {
				ASSETCATALOG_COMPILER_APPICON_NAME = AppIcon;
				ASSETCATALOG_COMPILER_GLOBAL_ACCENT_COLOR_NAME = AccentColor;
				CODE_SIGN_ENTITLEMENTS = overoclock/overoclock.entitlements;
				CODE_SIGN_STYLE = Automatic;
				COMBINE_HIDPI_IMAGES = YES;
				CURRENT_PROJECT_VERSION = 1;
				DEVELOPMENT_TEAM = 99MW677H7B;
				ENABLE_PREVIEWS = YES;
				GENERATE_INFOPLIST_FILE = YES;
				INFOPLIST_KEY_NSHumanReadableCopyright = "";
				LD_RUNPATH_SEARCH_PATHS = (
					"$(inherited)",
					"@executable_path/../Frameworks",
				);
				MARKETING_VERSION = 1.0;
				PRODUCT_BUNDLE_IDENTIFIER = webamoeba.overoclock;
				PRODUCT_NAME = "$(TARGET_NAME)";
				REGISTER_APP_GROUPS = YES;
				SWIFT_EMIT_LOC_STRINGS = YES;
				SWIFT_VERSION = 5.0;
			};
			name = Debug;
		};
		478686F42E46973700C10AE2 /* Release */ = {
			isa = XCBuildConfiguration;
			buildSettings = {
				ASSETCATALOG_COMPILER_APPICON_NAME = AppIcon;
				ASSETCATALOG_COMPILER_GLOBAL_ACCENT_COLOR_NAME = AccentColor;
				CODE_SIGN_ENTITLEMENTS = overoclock/overoclock.entitlements;
				CODE_SIGN_STYLE = Automatic;
				COMBINE_HIDPI_IMAGES = YES;
				CURRENT_PROJECT_VERSION = 1;
				DEVELOPMENT_TEAM = 99MW677H7B;
				ENABLE_PREVIEWS = YES;
				GENERATE_INFOPLIST_FILE = YES;
				INFOPLIST_KEY_NSHumanReadableCopyright = "";
				LD_RUNPATH_SEARCH_PATHS = (
					"$(inherited)",
					"@executable_path/../Frameworks",
				);
				MARKETING_VERSION = 1.0;
				PRODUCT_BUNDLE_IDENTIFIER = webamoeba.overoclock;
				PRODUCT_NAME = "$(TARGET_NAME)";
				REGISTER_APP_GROUPS = YES;
				SWIFT_EMIT_LOC_STRINGS = YES;
				SWIFT_VERSION = 5.0;
			};
			name = Release;
		};
		478686F62E46973700C10AE2 /* Debug */ = {
			isa = XCBuildConfiguration;
			buildSettings = {
				BUNDLE_LOADER = "$(TEST_HOST)";
				CODE_SIGN_STYLE = Automatic;
				CURRENT_PROJECT_VERSION = 1;
				GENERATE_INFOPLIST_FILE = YES;
				MACOSX_DEPLOYMENT_TARGET = 15.5;
				MARKETING_VERSION = 1.0;
				PRODUCT_BUNDLE_IDENTIFIER = webamoeba.overoclockTests;
				PRODUCT_NAME = "$(TARGET_NAME)";
				SWIFT_EMIT_LOC_STRINGS = NO;
				SWIFT_VERSION = 5.0;
				TEST_HOST = "$(BUILT_PRODUCTS_DIR)/overoclock.app/$(BUNDLE_EXECUTABLE_FOLDER_PATH)/overoclock";
			};
			name = Debug;
		};
		478686F72E46973700C10AE2 /* Release */ = {
			isa = XCBuildConfiguration;
			buildSettings = {
				BUNDLE_LOADER = "$(TEST_HOST)";
				CODE_SIGN_STYLE = Automatic;
				CURRENT_PROJECT_VERSION = 1;
				GENERATE_INFOPLIST_FILE = YES;
				MACOSX_DEPLOYMENT_TARGET = 15.5;
				MARKETING_VERSION = 1.0;
				PRODUCT_BUNDLE_IDENTIFIER = webamoeba.overoclockTests;
				PRODUCT_NAME = "$(TARGET_NAME)";
				SWIFT_EMIT_LOC_STRINGS = NO;
				SWIFT_VERSION = 5.0;
				TEST_HOST = "$(BUILT_PRODUCTS_DIR)/overoclock.app/$(BUNDLE_EXECUTABLE_FOLDER_PATH)/overoclock";
			};
			name = Release;
		};
		478686F92E46973700C10AE2 /* Debug */ = {
			isa = XCBuildConfiguration;
			buildSettings = {
				CODE_SIGN_STYLE = Automatic;
				CURRENT_PROJECT_VERSION = 1;
				GENERATE_INFOPLIST_FILE = YES;
				MARKETING_VERSION = 1.0;
				PRODUCT_BUNDLE_IDENTIFIER = webamoeba.overoclockUITests;
				PRODUCT_NAME = "$(TARGET_NAME)";
				SWIFT_EMIT_LOC_STRINGS = NO;
				SWIFT_VERSION = 5.0;
				TEST_TARGET_NAME = overoclock;
			};
			name = Debug;
		};
		478686FA2E46973700C10AE2 /* Release */ = {
			isa = XCBuildConfiguration;
			buildSettings = {
				CODE_SIGN_STYLE = Automatic;
				CURRENT_PROJECT_VERSION = 1;
				GENERATE_INFOPLIST_FILE = YES;
				MARKETING_VERSION = 1.0;
				PRODUCT_BUNDLE_IDENTIFIER = webamoeba.overoclockUITests;
				PRODUCT_NAME = "$(TARGET_NAME)";
				SWIFT_EMIT_LOC_STRINGS = NO;
				SWIFT_VERSION = 5.0;
				TEST_TARGET_NAME = overoclock;
			};
			name = Release;
		};
/* End XCBuildConfiguration section */

/* Begin XCConfigurationList section */
		478686CB2E46973500C10AE2 /* Build configuration list for PBXProject "overoclock" */ = {
			isa = XCConfigurationList;
			buildConfigurations = (
				478686F02E46973700C10AE2 /* Debug */,
				478686F12E46973700C10AE2 /* Release */,
			);
			defaultConfigurationIsVisible = 0;
			defaultConfigurationName = Release;
		};
		478686F22E46973700C10AE2 /* Build configuration list for PBXNativeTarget "overoclock" */ = {
			isa = XCConfigurationList;
			buildConfigurations = (
				478686F32E46973700C10AE2 /* Debug */,
				478686F42E46973700C10AE2 /* Release */,
			);
			defaultConfigurationIsVisible = 0;
			defaultConfigurationName = Release;
		};
		478686F52E46973700C10AE2 /* Build configuration list for PBXNativeTarget "overoclockTests" */ = {
			isa = XCConfigurationList;
			buildConfigurations = (
				478686F62E46973700C10AE2 /* Debug */,
				478686F72E46973700C10AE2 /* Release */,
			);
			defaultConfigurationIsVisible = 0;
			defaultConfigurationName = Release;
		};
		478686F82E46973700C10AE2 /* Build configuration list for PBXNativeTarget "overoclockUITests" */ = {
			isa = XCConfigurationList;
			buildConfigurations = (
				478686F92E46973700C10AE2 /* Debug */,
				478686FA2E46973700C10AE2 /* Release */,
			);
			defaultConfigurationIsVisible = 0;
			defaultConfigurationName = Release;
		};
/* End XCConfigurationList section */
	};
	rootObject = 478686C82E46973500C10AE2 /* Project object */;
}
